
Microsoft Visual Studio Solution File, Format Version 12.00
# Visual Studio Version 17
VisualStudioVersion = 17.11.35208.52
MinimumVisualStudioVersion = 10.0.40219.1
Project("{FAE04EC0-301F-11D3-BF4B-00C04F79EFBC}") = "Student Management System using Windows Forms_LLG", "Student Management System using Windows Forms_LLG\Student Management System using Windows Forms_LLG.csproj", "{776FD842-BFE2-4253-8170-A1704819F5C2}"
EndProject
Global
	GlobalSection(SolutionConfigurationPlatforms) = preSolution
		Debug|Any CPU = Debug|Any CPU
		Release|Any CPU = Release|Any CPU
	EndGlobalSection
	GlobalSection(ProjectConfigurationPlatforms) = postSolution
		{776FD842-BFE2-4253-8170-A1704819F5C2}.Debug|Any CPU.ActiveCfg = Debug|Any CPU
		{776FD842-BFE2-4253-8170-A1704819F5C2}.Debug|Any CPU.Build.0 = Debug|Any CPU
		{776FD842-BFE2-4253-8170-A1704819F5C2}.Release|Any CPU.ActiveCfg = Release|Any CPU
		{776FD842-BFE2-4253-8170-A1704819F5C2}.Release|Any CPU.Build.0 = Release|Any CPU
	EndGlobalSection
	GlobalSection(SolutionProperties) = preSolution
		HideSolutionNode = FALSE
	EndGlobalSection
	GlobalSection(ExtensibilityGlobals) = postSolution
		SolutionGuid = {ACE8A69E-E021-461F-8CA5-0C337B28B814}
	EndGlobalSection
EndGlobal
